
Microsoft Visual Studio Solution File, Format Version 12.00
# Visual Studio Version 17
VisualStudioVersion = 17.0.31919.166
MinimumVisualStudioVersion = 10.0.40219.1
Project("{F184B08F-C81C-45F6-A57F-5ABD9991F28F}") = "AOC21", "AOC21\AOC21.vbproj", "{A9CBF088-9310-4DBF-9E94-8EB558D5A7E7}"
EndProject
Global
	GlobalSection(SolutionConfigurationPlatforms) = preSolution
		Debug|Any CPU = Debug|Any CPU
		Release|Any CPU = Release|Any CPU
	EndGlobalSection
	GlobalSection(ProjectConfigurationPlatforms) = postSolution
		{A9CBF088-9310-4DBF-9E94-8EB558D5A7E7}.Debug|Any CPU.ActiveCfg = Debug|Any CPU
		{A9CBF088-9310-4DBF-9E94-8EB558D5A7E7}.Debug|Any CPU.Build.0 = Debug|Any CPU
		{A9CBF088-9310-4DBF-9E94-8EB558D5A7E7}.Release|Any CPU.ActiveCfg = Release|Any CPU
		{A9CBF088-9310-4DBF-9E94-8EB558D5A7E7}.Release|Any CPU.Build.0 = Release|Any CPU
	EndGlobalSection
	GlobalSection(SolutionProperties) = preSolution
		HideSolutionNode = FALSE
	EndGlobalSection
	GlobalSection(ExtensibilityGlobals) = postSolution
		SolutionGuid = {CF019861-2314-45D2-8394-9D3833C0AA2F}
	EndGlobalSection
EndGlobal
